
Microsoft Visual Studio Solution File, Format Version 12.00
# Visual Studio Version 17
VisualStudioVersion = 17.10.35013.160
MinimumVisualStudioVersion = 10.0.40219.1
Project("{FAE04EC0-301F-11D3-BF4B-00C04F79EFBC}") = "Tasks.Sample", "Tasks.Sample\Tasks.Sample.csproj", "{648F8650-8FB6-4F7A-8CF3-1CAC2F1CAA1D}"
EndProject
Global
	GlobalSection(SolutionConfigurationPlatforms) = preSolution
		Debug|Any CPU = Debug|Any CPU
		Release|Any CPU = Release|Any CPU
	EndGlobalSection
	GlobalSection(ProjectConfigurationPlatforms) = postSolution
		{648F8650-8FB6-4F7A-8CF3-1CAC2F1CAA1D}.Debug|Any CPU.ActiveCfg = Debug|Any CPU
		{648F8650-8FB6-4F7A-8CF3-1CAC2F1CAA1D}.Debug|Any CPU.Build.0 = Debug|Any CPU
		{648F8650-8FB6-4F7A-8CF3-1CAC2F1CAA1D}.Release|Any CPU.ActiveCfg = Release|Any CPU
		{648F8650-8FB6-4F7A-8CF3-1CAC2F1CAA1D}.Release|Any CPU.Build.0 = Release|Any CPU
	EndGlobalSection
	GlobalSection(SolutionProperties) = preSolution
		HideSolutionNode = FALSE
	EndGlobalSection
	GlobalSection(ExtensibilityGlobals) = postSolution
		SolutionGuid = {CFB06611-D6A8-4EB9-81D7-D6A9B4B3B732}
	EndGlobalSection
EndGlobal
